
Microsoft Visual Studio Solution File, Format Version 12.00
Project("{FAE04EC0-301F-11D3-BF4B-00C04F79EFBC}") = "MovieSearchApi", "MovieSearchApi\MovieSearchApi.csproj", "{BCFDB06B-4820-4E1B-BAD2-4CDFA5CDE48D}"
EndProject
Project("{FAE04EC0-301F-11D3-BF4B-00C04F79EFBC}") = "Domain", "Domain\Domain.csproj", "{D99C9BE9-F0C9-420D-B44D-8FC4F3623A6D}"
EndProject
Project("{FAE04EC0-301F-11D3-BF4B-00C04F79EFBC}") = "Application", "Application\Application.csproj", "{AA8FA6DE-209A-4F65-8B41-2967850A9D7D}"
EndProject
Project("{FAE04EC0-301F-11D3-BF4B-00C04F79EFBC}") = "Infrastructure", "Infrastructure\Infrastructure.csproj", "{A3594A9A-4D9F-41FC-A4A8-9ED74D4B04BD}"
EndProject
Global
	GlobalSection(SolutionConfigurationPlatforms) = preSolution
		Debug|Any CPU = Debug|Any CPU
		Release|Any CPU = Release|Any CPU
	EndGlobalSection
	GlobalSection(ProjectConfigurationPlatforms) = postSolution
		{BCFDB06B-4820-4E1B-BAD2-4CDFA5CDE48D}.Debug|Any CPU.ActiveCfg = Debug|Any CPU
		{BCFDB06B-4820-4E1B-BAD2-4CDFA5CDE48D}.Debug|Any CPU.Build.0 = Debug|Any CPU
		{BCFDB06B-4820-4E1B-BAD2-4CDFA5CDE48D}.Release|Any CPU.ActiveCfg = Release|Any CPU
		{BCFDB06B-4820-4E1B-BAD2-4CDFA5CDE48D}.Release|Any CPU.Build.0 = Release|Any CPU
		{D99C9BE9-F0C9-420D-B44D-8FC4F3623A6D}.Debug|Any CPU.ActiveCfg = Debug|Any CPU
		{D99C9BE9-F0C9-420D-B44D-8FC4F3623A6D}.Debug|Any CPU.Build.0 = Debug|Any CPU
		{D99C9BE9-F0C9-420D-B44D-8FC4F3623A6D}.Release|Any CPU.ActiveCfg = Release|Any CPU
		{D99C9BE9-F0C9-420D-B44D-8FC4F3623A6D}.Release|Any CPU.Build.0 = Release|Any CPU
		{AA8FA6DE-209A-4F65-8B41-2967850A9D7D}.Debug|Any CPU.ActiveCfg = Debug|Any CPU
		{AA8FA6DE-209A-4F65-8B41-2967850A9D7D}.Debug|Any CPU.Build.0 = Debug|Any CPU
		{AA8FA6DE-209A-4F65-8B41-2967850A9D7D}.Release|Any CPU.ActiveCfg = Release|Any CPU
		{AA8FA6DE-209A-4F65-8B41-2967850A9D7D}.Release|Any CPU.Build.0 = Release|Any CPU
		{A3594A9A-4D9F-41FC-A4A8-9ED74D4B04BD}.Debug|Any CPU.ActiveCfg = Debug|Any CPU
		{A3594A9A-4D9F-41FC-A4A8-9ED74D4B04BD}.Debug|Any CPU.Build.0 = Debug|Any CPU
		{A3594A9A-4D9F-41FC-A4A8-9ED74D4B04BD}.Release|Any CPU.ActiveCfg = Release|Any CPU
		{A3594A9A-4D9F-41FC-A4A8-9ED74D4B04BD}.Release|Any CPU.Build.0 = Release|Any CPU
	EndGlobalSection
	GlobalSection(NestedProjects) = preSolution
	EndGlobalSection
EndGlobal
