
Microsoft Visual Studio Solution File, Format Version 12.00
Project("{FAE04EC0-301F-11D3-BF4B-00C04F79EFBC}") = "MovieSearchApi", "MovieSearchApi\MovieSearchApi.csproj", "{BCFDB06B-4820-4E1B-BAD2-4CDFA5CDE48D}"
EndProject
Global
	GlobalSection(SolutionConfigurationPlatforms) = preSolution
		Debug|Any CPU = Debug|Any CPU
		Release|Any CPU = Release|Any CPU
	EndGlobalSection
	GlobalSection(ProjectConfigurationPlatforms) = postSolution
		{BCFDB06B-4820-4E1B-BAD2-4CDFA5CDE48D}.Debug|Any CPU.ActiveCfg = Debug|Any CPU
		{BCFDB06B-4820-4E1B-BAD2-4CDFA5CDE48D}.Debug|Any CPU.Build.0 = Debug|Any CPU
		{BCFDB06B-4820-4E1B-BAD2-4CDFA5CDE48D}.Release|Any CPU.ActiveCfg = Release|Any CPU
		{BCFDB06B-4820-4E1B-BAD2-4CDFA5CDE48D}.Release|Any CPU.Build.0 = Release|Any CPU
	EndGlobalSection
EndGlobal
